
Microsoft Visual Studio Solution File, Format Version 12.00
# Visual Studio 15
VisualStudioVersion = 15.0.28307.852
MinimumVisualStudioVersion = 10.0.40219.1
Project("{FAE04EC0-301F-11D3-BF4B-00C04F79EFBC}") = "Amar_Youssef_test_exoC", "Amar_Youssef_test_exoC\Amar_Youssef_test_exoC.csproj", "{58FBB693-F73D-49BE-BC28-04CFEAD1440B}"
EndProject
Global
	GlobalSection(SolutionConfigurationPlatforms) = preSolution
		Debug|Any CPU = Debug|Any CPU
		Release|Any CPU = Release|Any CPU
	EndGlobalSection
	GlobalSection(ProjectConfigurationPlatforms) = postSolution
		{58FBB693-F73D-49BE-BC28-04CFEAD1440B}.Debug|Any CPU.ActiveCfg = Debug|Any CPU
		{58FBB693-F73D-49BE-BC28-04CFEAD1440B}.Debug|Any CPU.Build.0 = Debug|Any CPU
		{58FBB693-F73D-49BE-BC28-04CFEAD1440B}.Release|Any CPU.ActiveCfg = Release|Any CPU
		{58FBB693-F73D-49BE-BC28-04CFEAD1440B}.Release|Any CPU.Build.0 = Release|Any CPU
	EndGlobalSection
	GlobalSection(SolutionProperties) = preSolution
		HideSolutionNode = FALSE
	EndGlobalSection
	GlobalSection(ExtensibilityGlobals) = postSolution
		SolutionGuid = {A90E65B3-55B9-4571-AD09-1874B0FA9847}
	EndGlobalSection
EndGlobal
