
Microsoft Visual Studio Solution File, Format Version 12.00
# Visual Studio 15
VisualStudioVersion = 15.0.28307.852
MinimumVisualStudioVersion = 10.0.40219.1
Project("{FAE04EC0-301F-11D3-BF4B-00C04F79EFBC}") = "Amar_Youssef_Linq", "Amar_Youssef_Linq\Amar_Youssef_Linq.csproj", "{4A70E824-DE81-4111-9232-497E3D149EB1}"
EndProject
Global
	GlobalSection(SolutionConfigurationPlatforms) = preSolution
		Debug|Any CPU = Debug|Any CPU
		Release|Any CPU = Release|Any CPU
	EndGlobalSection
	GlobalSection(ProjectConfigurationPlatforms) = postSolution
		{4A70E824-DE81-4111-9232-497E3D149EB1}.Debug|Any CPU.ActiveCfg = Debug|Any CPU
		{4A70E824-DE81-4111-9232-497E3D149EB1}.Debug|Any CPU.Build.0 = Debug|Any CPU
		{4A70E824-DE81-4111-9232-497E3D149EB1}.Release|Any CPU.ActiveCfg = Release|Any CPU
		{4A70E824-DE81-4111-9232-497E3D149EB1}.Release|Any CPU.Build.0 = Release|Any CPU
	EndGlobalSection
	GlobalSection(SolutionProperties) = preSolution
		HideSolutionNode = FALSE
	EndGlobalSection
	GlobalSection(ExtensibilityGlobals) = postSolution
		SolutionGuid = {7D428C64-F45A-4358-AE22-96B5C033F72B}
	EndGlobalSection
EndGlobal
